lockfileVersion: '9.0'

settings:
  autoInstallPeers: true
  excludeLinksFromLockfile: false

importers:

  .:
    dependencies:
      '@types/node':
        specifier: 24.0.15
        version: 24.0.15
      '@vitejs/plugin-vue':
        specifier: 6.0.0
        version: 6.0.0(vite@7.0.5(@types/node@24.0.15))(vue@3.6.0-alpha.2(typescript@5.8.3))
      '@vueuse/core':
        specifier: 13.5.0
        version: 13.5.0(vue@3.6.0-alpha.2(typescript@5.8.3))
      typescript:
        specifier: 5.8.3
        version: 5.8.3
      vite:
        specifier: 7.0.5
        version: 7.0.5(@types/node@24.0.15)
      vite-plugin-monkey:
        specifier: 6.0.0
        version: 6.0.0(postcss@8.5.6)(vite@7.0.5(@types/node@24.0.15))
      vue:
        specifier: 3.6.0-alpha.2
        version: 3.6.0-alpha.2(typescript@5.8.3)

packages:

  '@babel/helper-string-parser@7.27.1':
    resolution: {integrity: sha512-qMlSxKbpRlAridDExk92nSobyDdpPijUq2DW6oDnUqd0iOGxmQjyqhMIihI9+zv4LPyZdRje2cavWPbCbWm3eA==}
    engines: {node: '>=6.9.0'}

  '@babel/helper-validator-identifier@7.27.1':
    resolution: {integrity: sha512-D2hP9eA+Sqx1kBZgzxZh0y1trbuU+JoDkiEwqhQ36nodYqJwyEIhPSdMNd7lOm/4io72luTPWH20Yda0xOuUow==}
    engines: {node: '>=6.9.0'}

  '@babel/parser@7.28.0':
    resolution: {integrity: sha512-jVZGvOxOuNSsuQuLRTh13nU0AogFlw32w/MT+LV6D3sP5WdbW61E77RnkbaO2dUvmPAYrBDJXGn5gGS6tH4j8g==}
    engines: {node: '>=6.0.0'}
    hasBin: true

  '@babel/types@7.28.1':
    resolution: {integrity: sha512-x0LvFTekgSX+83TI28Y9wYPUfzrnl2aT5+5QLnO6v7mSJYtEEevuDRN0F0uSHRk1G1IWZC43o00Y0xDDrpBGPQ==}
    engines: {node: '>=6.9.0'}

  '@esbuild/aix-ppc64@0.25.8':
    resolution: {integrity: sha512-urAvrUedIqEiFR3FYSLTWQgLu5tb+m0qZw0NBEasUeo6wuqatkMDaRT+1uABiGXEu5vqgPd7FGE1BhsAIy9QVA==}
    engines: {node: '>=18'}
    cpu: [ppc64]
    os: [aix]

  '@esbuild/android-arm64@0.25.8':
    resolution: {integrity: sha512-OD3p7LYzWpLhZEyATcTSJ67qB5D+20vbtr6vHlHWSQYhKtzUYrETuWThmzFpZtFsBIxRvhO07+UgVA9m0i/O1w==}
    engines: {node: '>=18'}
    cpu: [arm64]
    os: [android]

  '@esbuild/android-arm@0.25.8':
    resolution: {integrity: sha512-RONsAvGCz5oWyePVnLdZY/HHwA++nxYWIX1atInlaW6SEkwq6XkP3+cb825EUcRs5Vss/lGh/2YxAb5xqc07Uw==}
    engines: {node: '>=18'}
    cpu: [arm]
    os: [android]

  '@esbuild/android-x64@0.25.8':
    resolution: {integrity: sha512-yJAVPklM5+4+9dTeKwHOaA+LQkmrKFX96BM0A/2zQrbS6ENCmxc4OVoBs5dPkCCak2roAD+jKCdnmOqKszPkjA==}
    engines: {node: '>=18'}
    cpu: [x64]
    os: [android]

  '@esbuild/darwin-arm64@0.25.8':
    resolution: {integrity: sha512-Jw0mxgIaYX6R8ODrdkLLPwBqHTtYHJSmzzd+QeytSugzQ0Vg4c5rDky5VgkoowbZQahCbsv1rT1KW72MPIkevw==}
    engines: {node: '>=18'}
    cpu: [arm64]
    os: [darwin]

  '@esbuild/darwin-x64@0.25.8':
    resolution: {integrity: sha512-Vh2gLxxHnuoQ+GjPNvDSDRpoBCUzY4Pu0kBqMBDlK4fuWbKgGtmDIeEC081xi26PPjn+1tct+Bh8FjyLlw1Zlg==}
    engines: {node: '>=18'}
    cpu: [x64]
    os: [darwin]

  '@esbuild/freebsd-arm64@0.25.8':
    resolution: {integrity: sha512-YPJ7hDQ9DnNe5vxOm6jaie9QsTwcKedPvizTVlqWG9GBSq+BuyWEDazlGaDTC5NGU4QJd666V0yqCBL2oWKPfA==}
    engines: {node: '>=18'}
    cpu: [arm64]
    os: [freebsd]

  '@esbuild/freebsd-x64@0.25.8':
    resolution: {integrity: sha512-MmaEXxQRdXNFsRN/KcIimLnSJrk2r5H8v+WVafRWz5xdSVmWLoITZQXcgehI2ZE6gioE6HirAEToM/RvFBeuhw==}
    engines: {node: '>=18'}
    cpu: [x64]
    os: [freebsd]

  '@esbuild/linux-arm64@0.25.8':
    resolution: {integrity: sha512-WIgg00ARWv/uYLU7lsuDK00d/hHSfES5BzdWAdAig1ioV5kaFNrtK8EqGcUBJhYqotlUByUKz5Qo6u8tt7iD/w==}
    engines: {node: '>=18'}
    cpu: [arm64]
    os: [linux]

  '@esbuild/linux-arm@0.25.8':
    resolution: {integrity: sha512-FuzEP9BixzZohl1kLf76KEVOsxtIBFwCaLupVuk4eFVnOZfU+Wsn+x5Ryam7nILV2pkq2TqQM9EZPsOBuMC+kg==}
    engines: {node: '>=18'}
    cpu: [arm]
    os: [linux]

  '@esbuild/linux-ia32@0.25.8':
    resolution: {integrity: sha512-A1D9YzRX1i+1AJZuFFUMP1E9fMaYY+GnSQil9Tlw05utlE86EKTUA7RjwHDkEitmLYiFsRd9HwKBPEftNdBfjg==}
    engines: {node: '>=18'}
    cpu: [ia32]
    os: [linux]

  '@esbuild/linux-loong64@0.25.8':
    resolution: {integrity: sha512-O7k1J/dwHkY1RMVvglFHl1HzutGEFFZ3kNiDMSOyUrB7WcoHGf96Sh+64nTRT26l3GMbCW01Ekh/ThKM5iI7hQ==}
    engines: {node: '>=18'}
    cpu: [loong64]
    os: [linux]

  '@esbuild/linux-mips64el@0.25.8':
    resolution: {integrity: sha512-uv+dqfRazte3BzfMp8PAQXmdGHQt2oC/y2ovwpTteqrMx2lwaksiFZ/bdkXJC19ttTvNXBuWH53zy/aTj1FgGw==}
    engines: {node: '>=18'}
    cpu: [mips64el]
    os: [linux]

  '@esbuild/linux-ppc64@0.25.8':
    resolution: {integrity: sha512-GyG0KcMi1GBavP5JgAkkstMGyMholMDybAf8wF5A70CALlDM2p/f7YFE7H92eDeH/VBtFJA5MT4nRPDGg4JuzQ==}
    engines: {node: '>=18'}
    cpu: [ppc64]
    os: [linux]

  '@esbuild/linux-riscv64@0.25.8':
    resolution: {integrity: sha512-rAqDYFv3yzMrq7GIcen3XP7TUEG/4LK86LUPMIz6RT8A6pRIDn0sDcvjudVZBiiTcZCY9y2SgYX2lgK3AF+1eg==}
    engines: {node: '>=18'}
    cpu: [riscv64]
    os: [linux]

  '@esbuild/linux-s390x@0.25.8':
    resolution: {integrity: sha512-Xutvh6VjlbcHpsIIbwY8GVRbwoviWT19tFhgdA7DlenLGC/mbc3lBoVb7jxj9Z+eyGqvcnSyIltYUrkKzWqSvg==}
    engines: {node: '>=18'}
    cpu: [s390x]
    os: [linux]

  '@esbuild/linux-x64@0.25.8':
    resolution: {integrity: sha512-ASFQhgY4ElXh3nDcOMTkQero4b1lgubskNlhIfJrsH5OKZXDpUAKBlNS0Kx81jwOBp+HCeZqmoJuihTv57/jvQ==}
    engines: {node: '>=18'}
    cpu: [x64]
    os: [linux]

  '@esbuild/netbsd-arm64@0.25.8':
    resolution: {integrity: sha512-d1KfruIeohqAi6SA+gENMuObDbEjn22olAR7egqnkCD9DGBG0wsEARotkLgXDu6c4ncgWTZJtN5vcgxzWRMzcw==}
    engines: {node: '>=18'}
    cpu: [arm64]
    os: [netbsd]

  '@esbuild/netbsd-x64@0.25.8':
    resolution: {integrity: sha512-nVDCkrvx2ua+XQNyfrujIG38+YGyuy2Ru9kKVNyh5jAys6n+l44tTtToqHjino2My8VAY6Lw9H7RI73XFi66Cg==}
    engines: {node: '>=18'}
    cpu: [x64]
    os: [netbsd]

  '@esbuild/openbsd-arm64@0.25.8':
    resolution: {integrity: sha512-j8HgrDuSJFAujkivSMSfPQSAa5Fxbvk4rgNAS5i3K+r8s1X0p1uOO2Hl2xNsGFppOeHOLAVgYwDVlmxhq5h+SQ==}
    engines: {node: '>=18'}
    cpu: [arm64]
    os: [openbsd]

  '@esbuild/openbsd-x64@0.25.8':
    resolution: {integrity: sha512-1h8MUAwa0VhNCDp6Af0HToI2TJFAn1uqT9Al6DJVzdIBAd21m/G0Yfc77KDM3uF3T/YaOgQq3qTJHPbTOInaIQ==}
    engines: {node: '>=18'}
    cpu: [x64]
    os: [openbsd]

  '@esbuild/openharmony-arm64@0.25.8':
    resolution: {integrity: sha512-r2nVa5SIK9tSWd0kJd9HCffnDHKchTGikb//9c7HX+r+wHYCpQrSgxhlY6KWV1nFo1l4KFbsMlHk+L6fekLsUg==}
    engines: {node: '>=18'}
    cpu: [arm64]
    os: [openharmony]

  '@esbuild/sunos-x64@0.25.8':
    resolution: {integrity: sha512-zUlaP2S12YhQ2UzUfcCuMDHQFJyKABkAjvO5YSndMiIkMimPmxA+BYSBikWgsRpvyxuRnow4nS5NPnf9fpv41w==}
    engines: {node: '>=18'}
    cpu: [x64]
    os: [sunos]

  '@esbuild/win32-arm64@0.25.8':
    resolution: {integrity: sha512-YEGFFWESlPva8hGL+zvj2z/SaK+pH0SwOM0Nc/d+rVnW7GSTFlLBGzZkuSU9kFIGIo8q9X3ucpZhu8PDN5A2sQ==}
    engines: {node: '>=18'}
    cpu: [arm64]
    os: [win32]

  '@esbuild/win32-ia32@0.25.8':
    resolution: {integrity: sha512-hiGgGC6KZ5LZz58OL/+qVVoZiuZlUYlYHNAmczOm7bs2oE1XriPFi5ZHHrS8ACpV5EjySrnoCKmcbQMN+ojnHg==}
    engines: {node: '>=18'}
    cpu: [ia32]
    os: [win32]

  '@esbuild/win32-x64@0.25.8':
    resolution: {integrity: sha512-cn3Yr7+OaaZq1c+2pe+8yxC8E144SReCQjN6/2ynubzYjvyqZjTXfQJpAcQpsdJq3My7XADANiYGHoFC69pLQw==}
    engines: {node: '>=18'}
    cpu: [x64]
    os: [win32]

  '@jridgewell/sourcemap-codec@1.5.4':
    resolution: {integrity: sha512-VT2+G1VQs/9oz078bLrYbecdZKs912zQlkelYpuf+SXF+QvZDYJlbx/LSx+meSAwdDFnF8FVXW92AVjjkVmgFw==}

  '@rolldown/pluginutils@1.0.0-beta.19':
    resolution: {integrity: sha512-3FL3mnMbPu0muGOCaKAhhFEYmqv9eTfPSJRJmANrCwtgK8VuxpsZDGK+m0LYAGoyO8+0j5uRe4PeyPDK1yA/hA==}

  '@rollup/rollup-android-arm-eabi@4.45.1':
    resolution: {integrity: sha512-NEySIFvMY0ZQO+utJkgoMiCAjMrGvnbDLHvcmlA33UXJpYBCvlBEbMMtV837uCkS+plG2umfhn0T5mMAxGrlRA==}
    cpu: [arm]
    os: [android]

  '@rollup/rollup-android-arm64@4.45.1':
    resolution: {integrity: sha512-ujQ+sMXJkg4LRJaYreaVx7Z/VMgBBd89wGS4qMrdtfUFZ+TSY5Rs9asgjitLwzeIbhwdEhyj29zhst3L1lKsRQ==}
    cpu: [arm64]
    os: [android]

  '@rollup/rollup-darwin-arm64@4.45.1':
    resolution: {integrity: sha512-FSncqHvqTm3lC6Y13xncsdOYfxGSLnP+73k815EfNmpewPs+EyM49haPS105Rh4aF5mJKywk9X0ogzLXZzN9lA==}
    cpu: [arm64]
    os: [darwin]

  '@rollup/rollup-darwin-x64@4.45.1':
    resolution: {integrity: sha512-2/vVn/husP5XI7Fsf/RlhDaQJ7x9zjvC81anIVbr4b/f0xtSmXQTFcGIQ/B1cXIYM6h2nAhJkdMHTnD7OtQ9Og==}
    cpu: [x64]
    os: [darwin]

  '@rollup/rollup-freebsd-arm64@4.45.1':
    resolution: {integrity: sha512-4g1kaDxQItZsrkVTdYQ0bxu4ZIQ32cotoQbmsAnW1jAE4XCMbcBPDirX5fyUzdhVCKgPcrwWuucI8yrVRBw2+g==}
    cpu: [arm64]
    os: [freebsd]

  '@rollup/rollup-freebsd-x64@4.45.1':
    resolution: {integrity: sha512-L/6JsfiL74i3uK1Ti2ZFSNsp5NMiM4/kbbGEcOCps99aZx3g8SJMO1/9Y0n/qKlWZfn6sScf98lEOUe2mBvW9A==}
    cpu: [x64]
    os: [freebsd]

  '@rollup/rollup-linux-arm-gnueabihf@4.45.1':
    resolution: {integrity: sha512-RkdOTu2jK7brlu+ZwjMIZfdV2sSYHK2qR08FUWcIoqJC2eywHbXr0L8T/pONFwkGukQqERDheaGTeedG+rra6Q==}
    cpu: [arm]
    os: [linux]
    libc: [glibc]

  '@rollup/rollup-linux-arm-musleabihf@4.45.1':
    resolution: {integrity: sha512-3kJ8pgfBt6CIIr1o+HQA7OZ9mp/zDk3ctekGl9qn/pRBgrRgfwiffaUmqioUGN9hv0OHv2gxmvdKOkARCtRb8Q==}
    cpu: [arm]
    os: [linux]
    libc: [musl]

  '@rollup/rollup-linux-arm64-gnu@4.45.1':
    resolution: {integrity: sha512-k3dOKCfIVixWjG7OXTCOmDfJj3vbdhN0QYEqB+OuGArOChek22hn7Uy5A/gTDNAcCy5v2YcXRJ/Qcnm4/ma1xw==}
    cpu: [arm64]
    os: [linux]
    libc: [glibc]

  '@rollup/rollup-linux-arm64-musl@4.45.1':
    resolution: {integrity: sha512-PmI1vxQetnM58ZmDFl9/Uk2lpBBby6B6rF4muJc65uZbxCs0EA7hhKCk2PKlmZKuyVSHAyIw3+/SiuMLxKxWog==}
    cpu: [arm64]
    os: [linux]
    libc: [musl]

  '@rollup/rollup-linux-loongarch64-gnu@4.45.1':
    resolution: {integrity: sha512-9UmI0VzGmNJ28ibHW2GpE2nF0PBQqsyiS4kcJ5vK+wuwGnV5RlqdczVocDSUfGX/Na7/XINRVoUgJyFIgipoRg==}
    cpu: [loong64]
    os: [linux]
    libc: [glibc]

  '@rollup/rollup-linux-powerpc64le-gnu@4.45.1':
    resolution: {integrity: sha512-7nR2KY8oEOUTD3pBAxIBBbZr0U7U+R9HDTPNy+5nVVHDXI4ikYniH1oxQz9VoB5PbBU1CZuDGHkLJkd3zLMWsg==}
    cpu: [ppc64]
    os: [linux]
    libc: [glibc]

  '@rollup/rollup-linux-riscv64-gnu@4.45.1':
    resolution: {integrity: sha512-nlcl3jgUultKROfZijKjRQLUu9Ma0PeNv/VFHkZiKbXTBQXhpytS8CIj5/NfBeECZtY2FJQubm6ltIxm/ftxpw==}
    cpu: [riscv64]
    os: [linux]
    libc: [glibc]

  '@rollup/rollup-linux-riscv64-musl@4.45.1':
    resolution: {integrity: sha512-HJV65KLS51rW0VY6rvZkiieiBnurSzpzore1bMKAhunQiECPuxsROvyeaot/tcK3A3aGnI+qTHqisrpSgQrpgA==}
    cpu: [riscv64]
    os: [linux]
    libc: [musl]

  '@rollup/rollup-linux-s390x-gnu@4.45.1':
    resolution: {integrity: sha512-NITBOCv3Qqc6hhwFt7jLV78VEO/il4YcBzoMGGNxznLgRQf43VQDae0aAzKiBeEPIxnDrACiMgbqjuihx08OOw==}
    cpu: [s390x]
    os: [linux]
    libc: [glibc]

  '@rollup/rollup-linux-x64-gnu@4.45.1':
    resolution: {integrity: sha512-+E/lYl6qu1zqgPEnTrs4WysQtvc/Sh4fC2nByfFExqgYrqkKWp1tWIbe+ELhixnenSpBbLXNi6vbEEJ8M7fiHw==}
    cpu: [x64]
    os: [linux]
    libc: [glibc]

  '@rollup/rollup-linux-x64-musl@4.45.1':
    resolution: {integrity: sha512-a6WIAp89p3kpNoYStITT9RbTbTnqarU7D8N8F2CV+4Cl9fwCOZraLVuVFvlpsW0SbIiYtEnhCZBPLoNdRkjQFw==}
    cpu: [x64]
    os: [linux]
    libc: [musl]

  '@rollup/rollup-win32-arm64-msvc@4.45.1':
    resolution: {integrity: sha512-T5Bi/NS3fQiJeYdGvRpTAP5P02kqSOpqiopwhj0uaXB6nzs5JVi2XMJb18JUSKhCOX8+UE1UKQufyD6Or48dJg==}
    cpu: [arm64]
    os: [win32]

  '@rollup/rollup-win32-ia32-msvc@4.45.1':
    resolution: {integrity: sha512-lxV2Pako3ujjuUe9jiU3/s7KSrDfH6IgTSQOnDWr9aJ92YsFd7EurmClK0ly/t8dzMkDtd04g60WX6yl0sGfdw==}
    cpu: [ia32]
    os: [win32]

  '@rollup/rollup-win32-x64-msvc@4.45.1':
    resolution: {integrity: sha512-M/fKi4sasCdM8i0aWJjCSFm2qEnYRR8AMLG2kxp6wD13+tMGA4Z1tVAuHkNRjud5SW2EM3naLuK35w9twvf6aA==}
    cpu: [x64]
    os: [win32]

  '@types/estree@1.0.8':
    resolution: {integrity: sha512-dWHzHa2WqEXI/O1E9OjrocMTKJl2mSrEolh1Iomrv6U+JuNwaHXsXx9bLu5gG7BUWFIN0skIQJQ/L1rIex4X6w==}

  '@types/node@24.0.15':
    resolution: {integrity: sha512-oaeTSbCef7U/z7rDeJA138xpG3NuKc64/rZ2qmUFkFJmnMsAPaluIifqyWd8hSSMxyP9oie3dLAqYPblag9KgA==}

  '@types/web-bluetooth@0.0.21':
    resolution: {integrity: sha512-oIQLCGWtcFZy2JW77j9k8nHzAOpqMHLQejDA48XXMWH6tjCQHz5RCFz1bzsmROyL6PUm+LLnUiI4BCn221inxA==}

  '@vitejs/plugin-vue@6.0.0':
    resolution: {integrity: sha512-iAliE72WsdhjzTOp2DtvKThq1VBC4REhwRcaA+zPAAph6I+OQhUXv+Xu2KS7ElxYtb7Zc/3R30Hwv1DxEo7NXQ==}
    engines: {node: ^20.19.0 || >=22.12.0}
    peerDependencies:
      vite: ^5.0.0 || ^6.0.0 || ^7.0.0
      vue: ^3.2.25

  '@vue/compiler-core@3.6.0-alpha.2':
    resolution: {integrity: sha512-2aPvrCWKKhKKU4TaX6N6+cY4LcLIlIc+tcxJHw029mZr7KGb/w+98UxU9o3mYe/CLo5c5v8ps4IlE/Tm4H/eZA==}

  '@vue/compiler-dom@3.6.0-alpha.2':
    resolution: {integrity: sha512-WHFo0z5QXXkBQk65NPrze1RO4RG6vAHcMudRG604zs2VsMkJPXBL5CAFcae3R6aoU3wwbIYHkklbMOelegS90w==}

  '@vue/compiler-sfc@3.6.0-alpha.2':
    resolution: {integrity: sha512-QFwY1M5lYTo6Qt0rSQKXEp9aZngaKtT4WRlITAuioNeFoK5Y5stElr6sw2dopsaPzjbAJftDbQ7MgtMjOZ9XQg==}

  '@vue/compiler-ssr@3.6.0-alpha.2':
    resolution: {integrity: sha512-BtP+A4xL7QSCf/P1eOvJw9XG1wojK3nqjJXSABcwXeIv0SJgBpi4CZ/obVUPAiUWMmdJDV3bdSwqQtkiXqOmug==}

  '@vue/compiler-vapor@3.6.0-alpha.2':
    resolution: {integrity: sha512-/qmhrcOrVmBsZiQEpDMH5coH/hx7v1uflKCXDcvWhl7XaPfNWBeVwIndU/s/8mtOz+5nuCZrGtbqozXc4tfQzw==}

  '@vue/reactivity@3.6.0-alpha.2':
    resolution: {integrity: sha512-dqCEZHz7dy5u0fZV1ILObnH2YCA+I6UHuOt7PLGb1NBEAAUbO251nOK9OfecZEEPsvMJRl3P9rNqdJmAvIcHTg==}

  '@vue/runtime-core@3.6.0-alpha.2':
    resolution: {integrity: sha512-OPEIqs/q2rTZWTJm8VVSsI9B2OgsKdtprKEqzw3L74tBGDwNRleCGxGxu2T3LUpPlOtQFkSCZTIh1M52/6PG0w==}

  '@vue/runtime-dom@3.6.0-alpha.2':
    resolution: {integrity: sha512-oYrpDYpbRqv/pgqM1SJEN7w9oahCjj6Txatz7McMJ++CX0WyFqAChi3Zvxr06Vrte+OCWA86t6Ot8K+mKV0QAA==}

  '@vue/runtime-vapor@3.6.0-alpha.2':
    resolution: {integrity: sha512-UdGN6tcXIMTD/OFR7qI8V+ID4lji7K5A90i68OjiCr8nevtGxjfYPB3Lz5Lg7S6sckPCnFTECHExzWOmE7aV0A==}
    peerDependencies:
      '@vue/runtime-dom': 3.6.0-alpha.2

  '@vue/server-renderer@3.6.0-alpha.2':
    resolution: {integrity: sha512-Zw+fX/FlRqfwzrv5EmCyLBN5bOZWsRo3SnxQKqPl1yA5xGDe+FIe9cjII/X7hlFdC9Vb4lmQBvOQSnTeTj8ygA==}
    peerDependencies:
      vue: 3.6.0-alpha.2

  '@vue/shared@3.6.0-alpha.2':
    resolution: {integrity: sha512-/tviorcvTBm63BIg/oEpU+tuU3NUrLkWWPrljCH//2vHwc/RJZ7wxq6vPLWfTcuSc82uxDWZXDTKxUjN8/JmGQ==}

  '@vueuse/core@13.5.0':
    resolution: {integrity: sha512-wV7z0eUpifKmvmN78UBZX8T7lMW53Nrk6JP5+6hbzrB9+cJ3jr//hUlhl9TZO/03bUkMK6gGkQpqOPWoabr72g==}
    peerDependencies:
      vue: ^3.5.0

  '@vueuse/metadata@13.5.0':
    resolution: {integrity: sha512-euhItU3b0SqXxSy8u1XHxUCdQ8M++bsRs+TYhOLDU/OykS7KvJnyIFfep0XM5WjIFry9uAPlVSjmVHiqeshmkw==}

  '@vueuse/shared@13.5.0':
    resolution: {integrity: sha512-K7GrQIxJ/ANtucxIXbQlUHdB0TPA8c+q5i+zbrjxuhJCnJ9GtBg75sBSnvmLSxHKPg2Yo8w62PWksl9kwH0Q8g==}
    peerDependencies:
      vue: ^3.5.0

  acorn-walk@8.3.4:
    resolution: {integrity: sha512-ueEepnujpqee2o5aIYnvHU6C0A42MNdsIDeqy5BydrkuC5R1ZuUFnm27EeFJGoEHJQgn3uleRvmTXaJgfXbt4g==}
    engines: {node: '>=0.4.0'}

  acorn@8.15.0:
    resolution: {integrity: sha512-NZyJarBfL7nWwIq+FDL6Zp/yHEhePMNnnJ0y3qfieCrmNvYct8uvtiV41UvlSe6apAfk0fY1FbWx+NwfmpvtTg==}
    engines: {node: '>=0.4.0'}
    hasBin: true

  balanced-match@1.0.2:
    resolution: {integrity: sha512-3oSeUO0TMV67hN1AmbXsK4yaqU7tjiHlbxRDZOpH0KW9+CeX4bRAaX0Anxt0tx2MrpRpWwQaPwIlISEJhYU5Pw==}

  brace-expansion@1.1.12:
    resolution: {integrity: sha512-9T9UjW3r0UW5c1Q7GTwllptXwhvYmEzFhzMfZ9H7FQWt+uZePjZPjBP/W1ZEyZ1twGWom5/56TF4lPcqjnDHcg==}

  bundle-name@4.1.0:
    resolution: {integrity: sha512-tjwM5exMg6BGRI+kNmTntNsvdZS1X8BFYS6tnJ2hdH0kVxM6/eVZ2xy+FqStSWvYmtfFMDLIxurorHwDKfDz5Q==}
    engines: {node: '>=18'}

  concat-map@0.0.1:
    resolution: {integrity: sha512-/Srv4dswyQNBfohGpz9o6Yb3Gz3SrUDqBH5rTuhGR7ahtlbYKnVxw2bCFMRljaA7EXHaXZ8wsHdodFvbkhKmqg==}

  cross-spawn@7.0.6:
    resolution: {integrity: sha512-uV2QOWP2nWzsy2aMp8aRibhi9dlzF5Hgh5SHaB9OiTGEyDTiJJyx0uy51QXdyWbtAHNua4XJzUKca3OzKUd3vA==}
    engines: {node: '>= 8'}

  csstype@3.1.3:
    resolution: {integrity: sha512-M1uQkMl8rQK/szD0LNhtqxIPLpimGm8sOBwU7lLnCpSbTyY3yeU1Vc7l4KT5zT4s/yOxHH5O7tIuuLOCnLADRw==}

  cuint@0.2.2:
    resolution: {integrity: sha512-d4ZVpCW31eWwCMe1YT3ur7mUDnTXbgwyzaL320DrcRT45rfjYxkt5QWLrmOJ+/UEAI2+fQgKe/fCjR8l4TpRgw==}

  default-browser-id@5.0.0:
    resolution: {integrity: sha512-A6p/pu/6fyBcA1TRz/GqWYPViplrftcW2gZC9q79ngNCKAeR/X3gcEdXQHl4KNXV+3wgIJ1CPkJQ3IHM6lcsyA==}
    engines: {node: '>=18'}

  default-browser@5.2.1:
    resolution: {integrity: sha512-WY/3TUME0x3KPYdRRxEJJvXRHV4PyPoUsxtZa78lwItwRQRHhd2U9xOscaT/YTf8uCXIAjeJOFBVEh/7FtD8Xg==}
    engines: {node: '>=18'}

  define-lazy-prop@3.0.0:
    resolution: {integrity: sha512-N+MeXYoqr3pOgn8xfyRPREN7gHakLYjhsHhWGT3fWAiL4IkAt0iDw14QiiEm2bE30c5XX5q0FtAA3CK5f9/BUg==}
    engines: {node: '>=12'}

  dom-serializer@2.0.0:
    resolution: {integrity: sha512-wIkAryiqt/nV5EQKqQpo3SToSOV9J0DnbJqwK7Wv/Trc92zIAYZ4FlMu+JPFW1DfGFt81ZTCGgDEabffXeLyJg==}

  domelementtype@2.3.0:
    resolution: {integrity: sha512-OLETBj6w0OsagBwdXnPdN0cnMfF9opN69co+7ZrbfPGrdpPVNBUj02spi6B1N7wChLQiPn4CSH/zJvXw56gmHw==}

  domhandler@5.0.3:
    resolution: {integrity: sha512-cgwlv/1iFQiFnU96XXgROh8xTeetsnJiDsTc7TYCLFd9+/WNkIqPTxiM/8pSd8VIrhXGTf1Ny1q1hquVqDJB5w==}
    engines: {node: '>= 4'}

  domutils@3.2.2:
    resolution: {integrity: sha512-6kZKyUajlDuqlHKVX1w7gyslj9MPIXzIFiz/rGu35uC1wMi+kMhQwGhl4lt9unC9Vb9INnY9Z3/ZA3+FhASLaw==}

  entities@4.5.0:
    resolution: {integrity: sha512-V0hjH4dGPh9Ao5p0MoRY6BVqtwCjhz6vI5LT8AJ55H+4g9/4vbHx1I54fS0XuclLhDHArPQCiMjDxjaL8fPxhw==}
    engines: {node: '>=0.12'}

  entities@6.0.1:
    resolution: {integrity: sha512-aN97NXWF6AWBTahfVOIrB/NShkzi5H7F9r1s9mD3cDj4Ko5f2qhhVoYMibXF7GlLveb/D2ioWay8lxI97Ven3g==}
    engines: {node: '>=0.12'}

  esbuild@0.25.8:
    resolution: {integrity: sha512-vVC0USHGtMi8+R4Kz8rt6JhEWLxsv9Rnu/lGYbPR8u47B+DCBksq9JarW0zOO7bs37hyOK1l2/oqtbciutL5+Q==}
    engines: {node: '>=18'}
    hasBin: true

  estree-walker@2.0.2:
    resolution: {integrity: sha512-Rfkk/Mp/DL7JVje3u18FxFujQlTNR2q6QfMSMB7AvCBx91NGj/ba3kCfza0f6dVDbw7YlRf/nDrn7pQrCCyQ/w==}

  fdir@6.4.6:
    resolution: {integrity: sha512-hiFoqpyZcfNm1yc4u8oWCf9A2c4D3QjCrks3zmoVKVxpQRzmPNar1hUJcBG2RQHvEVGDN+Jm81ZheVLAQMK6+w==}
    peerDependencies:
      picomatch: ^3 || ^4
    peerDependenciesMeta:
      picomatch:
        optional: true

  fsevents@2.3.3:
    resolution: {integrity: sha512-5xoDfX+fL7faATnagmWPpbFtwh/R77WmMMqqHGS65C3vvB0YHrgF+B1YmZ3441tMj5n63k0212XNoJwzlhffQw==}
    engines: {node: ^8.16.0 || ^10.6.0 || >=11.0.0}
    os: [darwin]

  htmlparser2@10.0.0:
    resolution: {integrity: sha512-TwAZM+zE5Tq3lrEHvOlvwgj1XLWQCtaaibSN11Q+gGBAS7Y1uZSWwXXRe4iF6OXnaq1riyQAPFOBtYc77Mxq0g==}

  import-meta-resolve@4.1.0:
    resolution: {integrity: sha512-I6fiaX09Xivtk+THaMfAwnA3MVA5Big1WHF1Dfx9hFuvNIWpXnorlkzhcQf6ehrqQiiZECRt1poOAkPmer3ruw==}

  is-docker@3.0.0:
    resolution: {integrity: sha512-eljcgEDlEns/7AXFosB5K/2nCM4P7FQPkGc/DWLy5rmFEWvZayGrik1d9/QIY5nJ4f9YsVvBkA6kJpHn9rISdQ==}
    engines: {node: ^12.20.0 || ^14.13.1 || >=16.0.0}
    hasBin: true

  is-inside-container@1.0.0:
    resolution: {integrity: sha512-KIYLCCJghfHZxqjYBE7rEy0OBuTd5xCHS7tHVgvCLkx7StIoaxwNW3hCALgEUjFfeRk+MG/Qxmp/vtETEF3tRA==}
    engines: {node: '>=14.16'}
    hasBin: true

  is-wsl@3.1.0:
    resolution: {integrity: sha512-UcVfVfaK4Sc4m7X3dUSoHoozQGBEFeDC+zVo06t98xe8CzHSZZBekNXH+tu0NalHolcJ/QAGqS46Hef7QXBIMw==}
    engines: {node: '>=16'}

  isexe@2.0.0:
    resolution: {integrity: sha512-RHxMLp9lnKHGHRng9QFhRCMbYAcVpn69smSGcq3f36xjgVVWThj4qqLbTLlq7Ssj8B+fIQ1EuCEGI2lKsyQeIw==}

  magic-string@0.30.17:
    resolution: {integrity: sha512-sNPKHvyjVf7gyjwS4xGTaW/mCnF8wnjtifKBEhxfZ7E/S8tQ0rssrwGNn6q8JH/ohItJfSQp9mBtQYuTlH5QnA==}

  make-dir@3.1.0:
    resolution: {integrity: sha512-g3FeP20LNwhALb/6Cz6Dd4F2ngze0jz7tbzrD2wAV+o9FeNHe4rL+yK2md0J/fiSf1sa1ADhXqi5+oVwOM/eGw==}
    engines: {node: '>=8'}

  mime@2.5.2:
    resolution: {integrity: sha512-tqkh47FzKeCPD2PUiPB6pkbMzsCasjxAfC62/Wap5qrUWcb+sFasXUC5I3gYM5iBM8v/Qpn4UK0x+j0iHyFPDg==}
    engines: {node: '>=4.0.0'}
    hasBin: true

  minimatch@3.0.8:
    resolution: {integrity: sha512-6FsRAQsxQ61mw+qP1ZzbL9Bc78x2p5OqNgNpnoAFLTrX8n5Kxph0CsnhmKKNXTWjXqU5L0pGPR7hYk+XWZr60Q==}

  mrmime@2.0.1:
    resolution: {integrity: sha512-Y3wQdFg2Va6etvQ5I82yUhGdsKrcYox6p7FfL1LbK2J4V01F9TGlepTIhnK24t7koZibmg82KGglhA1XK5IsLQ==}
    engines: {node: '>=10'}

  nanoid@3.3.11:
    resolution: {integrity: sha512-N8SpfPUnUp1bK+PMYW8qSWdl9U+wwNWI4QKxOYDy9JAro3WMX7p2OeVRF9v+347pnakNevPmiHhNmZ2HbFA76w==}
    engines: {node: ^10 || ^12 || ^13.7 || ^14 || >=15.0.1}
    hasBin: true

  open@10.2.0:
    resolution: {integrity: sha512-YgBpdJHPyQ2UE5x+hlSXcnejzAvD0b22U2OuAP+8OnlJT+PjWPxtgmGqKKc+RgTM63U9gN0YzrYc71R2WT/hTA==}
    engines: {node: '>=18'}

  path-key@3.1.1:
    resolution: {integrity: sha512-ojmeN0qd+y0jszEtoY48r0Peq5dwMEkIlCOu6Q5f41lfkswXuKtYrhgoTpLnyIcHm24Uhqx+5Tqm2InSwLhE6Q==}
    engines: {node: '>=8'}

  picocolors@1.1.1:
    resolution: {integrity: sha512-xceH2snhtb5M9liqDsmEw56le376mTZkEX/jEb/RxNFyegNul7eNslCXP9FDj/Lcu0X8KEyMceP2ntpaHrDEVA==}

  picomatch@4.0.3:
    resolution: {integrity: sha512-5gTmgEY/sqK6gFXLIsQNH19lWb4ebPDLA4SdLP7dsWkIXHWlG66oPuVvXSGFPppYZz8ZDZq0dYYrbHfBCVUb1Q==}
    engines: {node: '>=12'}

  postcss-url@10.1.3:
    resolution: {integrity: sha512-FUzyxfI5l2tKmXdYc6VTu3TWZsInayEKPbiyW+P6vmmIrrb4I6CGX0BFoewgYHLK+oIL5FECEK02REYRpBvUCw==}
    engines: {node: '>=10'}
    peerDependencies:
      postcss: ^8.0.0

  postcss@8.5.6:
    resolution: {integrity: sha512-3Ybi1tAuwAP9s0r1UQ2J4n5Y0G05bJkpUIO0/bI9MhwmD70S5aTWbXGBwxHrelT+XM1k6dM0pk+SwNkpTRN7Pg==}
    engines: {node: ^10 || ^12 || >=14}

  rollup@4.45.1:
    resolution: {integrity: sha512-4iya7Jb76fVpQyLoiVpzUrsjQ12r3dM7fIVz+4NwoYvZOShknRmiv+iu9CClZml5ZLGb0XMcYLutK6w9tgxHDw==}
    engines: {node: '>=18.0.0', npm: '>=8.0.0'}
    hasBin: true

  run-applescript@7.0.0:
    resolution: {integrity: sha512-9by4Ij99JUr/MCFBUkDKLWK3G9HVXmabKz9U5MlIAIuvuzkiOicRYs8XJLxX+xahD+mLiiCYDqF9dKAgtzKP1A==}
    engines: {node: '>=18'}

  semver@6.3.1:
    resolution: {integrity: sha512-BR7VvDCVHO+q2xBEWskxS6DJE1qRnb7DxzUrogb71CWoSficBxYsiAGd+Kl0mmq/MprG9yArRkyrQxTO6XjMzA==}
    hasBin: true

  shebang-command@2.0.0:
    resolution: {integrity: sha512-kHxr2zZpYtdmrN1qDjrrX/Z1rR1kG8Dx+gkpK1G4eXmvXswmcE1hTWBWYUzlraYw1/yZp6YuDY77YtvbN0dmDA==}
    engines: {node: '>=8'}

  shebang-regex@3.0.0:
    resolution: {integrity: sha512-7++dFhtcx3353uBaq8DDR4NuxBetBzC7ZQOhmTQInHEd6bSrXdiEyzCvG07Z44UYdLShWUyXt5M/yhz8ekcb1A==}
    engines: {node: '>=8'}

  source-map-js@1.2.1:
    resolution: {integrity: sha512-UXWMKhLOwVKb728IUtQPXxfYU+usdybtUrK/8uGE8CQMvrhOpwvzDBwj0QhSL7MQc7vIsISBG8VQ8+IDQxpfQA==}
    engines: {node: '>=0.10.0'}

  systemjs@6.15.1:
    resolution: {integrity: sha512-Nk8c4lXvMB98MtbmjX7JwJRgJOL8fluecYCfCeYBznwmpOs8Bf15hLM6z4z71EDAhQVrQrI+wt1aLWSXZq+hXA==}

  tinyglobby@0.2.14:
    resolution: {integrity: sha512-tX5e7OM1HnYr2+a2C/4V0htOcSQcoSTH9KgJnVvNm5zm/cyEWKJ7j7YutsH9CxMdtOkkLFy2AHrMci9IM8IPZQ==}
    engines: {node: '>=12.0.0'}

  typescript@5.8.3:
    resolution: {integrity: sha512-p1diW6TqL9L07nNxvRMM7hMMw4c5XOo/1ibL4aAIGmSAt9slTE1Xgw5KWuof2uTOvCg9BY7ZRi+GaF+7sfgPeQ==}
    engines: {node: '>=14.17'}
    hasBin: true

  undici-types@7.8.0:
    resolution: {integrity: sha512-9UJ2xGDvQ43tYyVMpuHlsgApydB8ZKfVYTsLDhXkFL/6gfkp+U8xTGdh8pMJv1SpZna0zxG1DwsKZsreLbXBxw==}

  vite-plugin-monkey@6.0.0:
    resolution: {integrity: sha512-Bf6jo3nYzP4y8VtiPFUq7RcQAl2bbiP7zSruofxxlLwv7b8VqxN08qlWbxvmo+FQinXAfSAupaQnEYSGAMg2vg==}
    peerDependencies:
      vite: ^6.0.0 || ^7.0.0
    peerDependenciesMeta:
      vite:
        optional: true

  vite@7.0.5:
    resolution: {integrity: sha512-1mncVwJxy2C9ThLwz0+2GKZyEXuC3MyWtAAlNftlZZXZDP3AJt5FmwcMit/IGGaNZ8ZOB2BNO/HFUB+CpN0NQw==}
    engines: {node: ^20.19.0 || >=22.12.0}
    hasBin: true
    peerDependencies:
      '@types/node': ^20.19.0 || >=22.12.0
      jiti: '>=1.21.0'
      less: ^4.0.0
      lightningcss: ^1.21.0
      sass: ^1.70.0
      sass-embedded: ^1.70.0
      stylus: '>=0.54.8'
      sugarss: ^5.0.0
      terser: ^5.16.0
      tsx: ^4.8.1
      yaml: ^2.4.2
    peerDependenciesMeta:
      '@types/node':
        optional: true
      jiti:
        optional: true
      less:
        optional: true
      lightningcss:
        optional: true
      sass:
        optional: true
      sass-embedded:
        optional: true
      stylus:
        optional: true
      sugarss:
        optional: true
      terser:
        optional: true
      tsx:
        optional: true
      yaml:
        optional: true

  vue@3.6.0-alpha.2:
    resolution: {integrity: sha512-xn3jwLo6eMqxEKEAW8TWX+KSm7K2jTrNZ5Q3+H5Bu9P3mkoz8w0lUQHrO5WcnSVZfmR7vvw4/5XSYQe2XeDzdw==}
    peerDependencies:
      typescript: '*'
    peerDependenciesMeta:
      typescript:
        optional: true

  which@2.0.2:
    resolution: {integrity: sha512-BLI3Tl1TW3Pvl70l3yq3Y64i+awpwXqsGBYWkkqMtnbXgrMD+yj7rhW0kuEDxzJaYXGjEW5ogapKNMEKNMjibA==}
    engines: {node: '>= 8'}
    hasBin: true

  wsl-utils@0.1.0:
    resolution: {integrity: sha512-h3Fbisa2nKGPxCpm89Hk33lBLsnaGBvctQopaBSOW/uIs6FTe1ATyAnKFJrzVs9vpGdsTe73WF3V4lIsk4Gacw==}
    engines: {node: '>=18'}

  xxhashjs@0.2.2:
    resolution: {integrity: sha512-AkTuIuVTET12tpsVIQo+ZU6f/qDmKuRUcjaqR+OIvm+aCBsZ95i7UVY5WJ9TMsSaZ0DA2WxoZ4acu0sPH+OKAw==}

snapshots:

  '@babel/helper-string-parser@7.27.1': {}

  '@babel/helper-validator-identifier@7.27.1': {}

  '@babel/parser@7.28.0':
    dependencies:
      '@babel/types': 7.28.1

  '@babel/types@7.28.1':
    dependencies:
      '@babel/helper-string-parser': 7.27.1
      '@babel/helper-validator-identifier': 7.27.1

  '@esbuild/aix-ppc64@0.25.8':
    optional: true

  '@esbuild/android-arm64@0.25.8':
    optional: true

  '@esbuild/android-arm@0.25.8':
    optional: true

  '@esbuild/android-x64@0.25.8':
    optional: true

  '@esbuild/darwin-arm64@0.25.8':
    optional: true

  '@esbuild/darwin-x64@0.25.8':
    optional: true

  '@esbuild/freebsd-arm64@0.25.8':
    optional: true

  '@esbuild/freebsd-x64@0.25.8':
    optional: true

  '@esbuild/linux-arm64@0.25.8':
    optional: true

  '@esbuild/linux-arm@0.25.8':
    optional: true

  '@esbuild/linux-ia32@0.25.8':
    optional: true

  '@esbuild/linux-loong64@0.25.8':
    optional: true

  '@esbuild/linux-mips64el@0.25.8':
    optional: true

  '@esbuild/linux-ppc64@0.25.8':
    optional: true

  '@esbuild/linux-riscv64@0.25.8':
    optional: true

  '@esbuild/linux-s390x@0.25.8':
    optional: true

  '@esbuild/linux-x64@0.25.8':
    optional: true

  '@esbuild/netbsd-arm64@0.25.8':
    optional: true

  '@esbuild/netbsd-x64@0.25.8':
    optional: true

  '@esbuild/openbsd-arm64@0.25.8':
    optional: true

  '@esbuild/openbsd-x64@0.25.8':
    optional: true

  '@esbuild/openharmony-arm64@0.25.8':
    optional: true

  '@esbuild/sunos-x64@0.25.8':
    optional: true

  '@esbuild/win32-arm64@0.25.8':
    optional: true

  '@esbuild/win32-ia32@0.25.8':
    optional: true

  '@esbuild/win32-x64@0.25.8':
    optional: true

  '@jridgewell/sourcemap-codec@1.5.4': {}

  '@rolldown/pluginutils@1.0.0-beta.19': {}

  '@rollup/rollup-android-arm-eabi@4.45.1':
    optional: true

  '@rollup/rollup-android-arm64@4.45.1':
    optional: true

  '@rollup/rollup-darwin-arm64@4.45.1':
    optional: true

  '@rollup/rollup-darwin-x64@4.45.1':
    optional: true

  '@rollup/rollup-freebsd-arm64@4.45.1':
    optional: true

  '@rollup/rollup-freebsd-x64@4.45.1':
    optional: true

  '@rollup/rollup-linux-arm-gnueabihf@4.45.1':
    optional: true

  '@rollup/rollup-linux-arm-musleabihf@4.45.1':
    optional: true

  '@rollup/rollup-linux-arm64-gnu@4.45.1':
    optional: true

  '@rollup/rollup-linux-arm64-musl@4.45.1':
    optional: true

  '@rollup/rollup-linux-loongarch64-gnu@4.45.1':
    optional: true

  '@rollup/rollup-linux-powerpc64le-gnu@4.45.1':
    optional: true

  '@rollup/rollup-linux-riscv64-gnu@4.45.1':
    optional: true

  '@rollup/rollup-linux-riscv64-musl@4.45.1':
    optional: true

  '@rollup/rollup-linux-s390x-gnu@4.45.1':
    optional: true

  '@rollup/rollup-linux-x64-gnu@4.45.1':
    optional: true

  '@rollup/rollup-linux-x64-musl@4.45.1':
    optional: true

  '@rollup/rollup-win32-arm64-msvc@4.45.1':
    optional: true

  '@rollup/rollup-win32-ia32-msvc@4.45.1':
    optional: true

  '@rollup/rollup-win32-x64-msvc@4.45.1':
    optional: true

  '@types/estree@1.0.8': {}

  '@types/node@24.0.15':
    dependencies:
      undici-types: 7.8.0

  '@types/web-bluetooth@0.0.21': {}

  '@vitejs/plugin-vue@6.0.0(vite@7.0.5(@types/node@24.0.15))(vue@3.6.0-alpha.2(typescript@5.8.3))':
    dependencies:
      '@rolldown/pluginutils': 1.0.0-beta.19
      vite: 7.0.5(@types/node@24.0.15)
      vue: 3.6.0-alpha.2(typescript@5.8.3)

  '@vue/compiler-core@3.6.0-alpha.2':
    dependencies:
      '@babel/parser': 7.28.0
      '@vue/shared': 3.6.0-alpha.2
      entities: 4.5.0
      estree-walker: 2.0.2
      source-map-js: 1.2.1

  '@vue/compiler-dom@3.6.0-alpha.2':
    dependencies:
      '@vue/compiler-core': 3.6.0-alpha.2
      '@vue/shared': 3.6.0-alpha.2

  '@vue/compiler-sfc@3.6.0-alpha.2':
    dependencies:
      '@babel/parser': 7.28.0
      '@vue/compiler-core': 3.6.0-alpha.2
      '@vue/compiler-dom': 3.6.0-alpha.2
      '@vue/compiler-ssr': 3.6.0-alpha.2
      '@vue/compiler-vapor': 3.6.0-alpha.2
      '@vue/shared': 3.6.0-alpha.2
      estree-walker: 2.0.2
      magic-string: 0.30.17
      postcss: 8.5.6
      source-map-js: 1.2.1

  '@vue/compiler-ssr@3.6.0-alpha.2':
    dependencies:
      '@vue/compiler-dom': 3.6.0-alpha.2
      '@vue/shared': 3.6.0-alpha.2

  '@vue/compiler-vapor@3.6.0-alpha.2':
    dependencies:
      '@babel/parser': 7.28.0
      '@vue/compiler-dom': 3.6.0-alpha.2
      '@vue/shared': 3.6.0-alpha.2
      estree-walker: 2.0.2
      source-map-js: 1.2.1

  '@vue/reactivity@3.6.0-alpha.2':
    dependencies:
      '@vue/shared': 3.6.0-alpha.2

  '@vue/runtime-core@3.6.0-alpha.2':
    dependencies:
      '@vue/reactivity': 3.6.0-alpha.2
      '@vue/shared': 3.6.0-alpha.2

  '@vue/runtime-dom@3.6.0-alpha.2':
    dependencies:
      '@vue/reactivity': 3.6.0-alpha.2
      '@vue/runtime-core': 3.6.0-alpha.2
      '@vue/shared': 3.6.0-alpha.2
      csstype: 3.1.3

  '@vue/runtime-vapor@3.6.0-alpha.2(@vue/runtime-dom@3.6.0-alpha.2)':
    dependencies:
      '@vue/reactivity': 3.6.0-alpha.2
      '@vue/runtime-dom': 3.6.0-alpha.2
      '@vue/shared': 3.6.0-alpha.2

  '@vue/server-renderer@3.6.0-alpha.2(vue@3.6.0-alpha.2(typescript@5.8.3))':
    dependencies:
      '@vue/compiler-ssr': 3.6.0-alpha.2
      '@vue/shared': 3.6.0-alpha.2
      vue: 3.6.0-alpha.2(typescript@5.8.3)

  '@vue/shared@3.6.0-alpha.2': {}

  '@vueuse/core@13.5.0(vue@3.6.0-alpha.2(typescript@5.8.3))':
    dependencies:
      '@types/web-bluetooth': 0.0.21
      '@vueuse/metadata': 13.5.0
      '@vueuse/shared': 13.5.0(vue@3.6.0-alpha.2(typescript@5.8.3))
      vue: 3.6.0-alpha.2(typescript@5.8.3)

  '@vueuse/metadata@13.5.0': {}

  '@vueuse/shared@13.5.0(vue@3.6.0-alpha.2(typescript@5.8.3))':
    dependencies:
      vue: 3.6.0-alpha.2(typescript@5.8.3)

  acorn-walk@8.3.4:
    dependencies:
      acorn: 8.15.0

  acorn@8.15.0: {}

  balanced-match@1.0.2: {}

  brace-expansion@1.1.12:
    dependencies:
      balanced-match: 1.0.2
      concat-map: 0.0.1

  bundle-name@4.1.0:
    dependencies:
      run-applescript: 7.0.0

  concat-map@0.0.1: {}

  cross-spawn@7.0.6:
    dependencies:
      path-key: 3.1.1
      shebang-command: 2.0.0
      which: 2.0.2

  csstype@3.1.3: {}

  cuint@0.2.2: {}

  default-browser-id@5.0.0: {}

  default-browser@5.2.1:
    dependencies:
      bundle-name: 4.1.0
      default-browser-id: 5.0.0

  define-lazy-prop@3.0.0: {}

  dom-serializer@2.0.0:
    dependencies:
      domelementtype: 2.3.0
      domhandler: 5.0.3
      entities: 4.5.0

  domelementtype@2.3.0: {}

  domhandler@5.0.3:
    dependencies:
      domelementtype: 2.3.0

  domutils@3.2.2:
    dependencies:
      dom-serializer: 2.0.0
      domelementtype: 2.3.0
      domhandler: 5.0.3

  entities@4.5.0: {}

  entities@6.0.1: {}

  esbuild@0.25.8:
    optionalDependencies:
      '@esbuild/aix-ppc64': 0.25.8
      '@esbuild/android-arm': 0.25.8
      '@esbuild/android-arm64': 0.25.8
      '@esbuild/android-x64': 0.25.8
      '@esbuild/darwin-arm64': 0.25.8
      '@esbuild/darwin-x64': 0.25.8
      '@esbuild/freebsd-arm64': 0.25.8
      '@esbuild/freebsd-x64': 0.25.8
      '@esbuild/linux-arm': 0.25.8
      '@esbuild/linux-arm64': 0.25.8
      '@esbuild/linux-ia32': 0.25.8
      '@esbuild/linux-loong64': 0.25.8
      '@esbuild/linux-mips64el': 0.25.8
      '@esbuild/linux-ppc64': 0.25.8
      '@esbuild/linux-riscv64': 0.25.8
      '@esbuild/linux-s390x': 0.25.8
      '@esbuild/linux-x64': 0.25.8
      '@esbuild/netbsd-arm64': 0.25.8
      '@esbuild/netbsd-x64': 0.25.8
      '@esbuild/openbsd-arm64': 0.25.8
      '@esbuild/openbsd-x64': 0.25.8
      '@esbuild/openharmony-arm64': 0.25.8
      '@esbuild/sunos-x64': 0.25.8
      '@esbuild/win32-arm64': 0.25.8
      '@esbuild/win32-ia32': 0.25.8
      '@esbuild/win32-x64': 0.25.8

  estree-walker@2.0.2: {}

  fdir@6.4.6(picomatch@4.0.3):
    optionalDependencies:
      picomatch: 4.0.3

  fsevents@2.3.3:
    optional: true

  htmlparser2@10.0.0:
    dependencies:
      domelementtype: 2.3.0
      domhandler: 5.0.3
      domutils: 3.2.2
      entities: 6.0.1

  import-meta-resolve@4.1.0: {}

  is-docker@3.0.0: {}

  is-inside-container@1.0.0:
    dependencies:
      is-docker: 3.0.0

  is-wsl@3.1.0:
    dependencies:
      is-inside-container: 1.0.0

  isexe@2.0.0: {}

  magic-string@0.30.17:
    dependencies:
      '@jridgewell/sourcemap-codec': 1.5.4

  make-dir@3.1.0:
    dependencies:
      semver: 6.3.1

  mime@2.5.2: {}

  minimatch@3.0.8:
    dependencies:
      brace-expansion: 1.1.12

  mrmime@2.0.1: {}

  nanoid@3.3.11: {}

  open@10.2.0:
    dependencies:
      default-browser: 5.2.1
      define-lazy-prop: 3.0.0
      is-inside-container: 1.0.0
      wsl-utils: 0.1.0

  path-key@3.1.1: {}

  picocolors@1.1.1: {}

  picomatch@4.0.3: {}

  postcss-url@10.1.3(postcss@8.5.6):
    dependencies:
      make-dir: 3.1.0
      mime: 2.5.2
      minimatch: 3.0.8
      postcss: 8.5.6
      xxhashjs: 0.2.2

  postcss@8.5.6:
    dependencies:
      nanoid: 3.3.11
      picocolors: 1.1.1
      source-map-js: 1.2.1

  rollup@4.45.1:
    dependencies:
      '@types/estree': 1.0.8
    optionalDependencies:
      '@rollup/rollup-android-arm-eabi': 4.45.1
      '@rollup/rollup-android-arm64': 4.45.1
      '@rollup/rollup-darwin-arm64': 4.45.1
      '@rollup/rollup-darwin-x64': 4.45.1
      '@rollup/rollup-freebsd-arm64': 4.45.1
      '@rollup/rollup-freebsd-x64': 4.45.1
      '@rollup/rollup-linux-arm-gnueabihf': 4.45.1
      '@rollup/rollup-linux-arm-musleabihf': 4.45.1
      '@rollup/rollup-linux-arm64-gnu': 4.45.1
      '@rollup/rollup-linux-arm64-musl': 4.45.1
      '@rollup/rollup-linux-loongarch64-gnu': 4.45.1
      '@rollup/rollup-linux-powerpc64le-gnu': 4.45.1
      '@rollup/rollup-linux-riscv64-gnu': 4.45.1
      '@rollup/rollup-linux-riscv64-musl': 4.45.1
      '@rollup/rollup-linux-s390x-gnu': 4.45.1
      '@rollup/rollup-linux-x64-gnu': 4.45.1
      '@rollup/rollup-linux-x64-musl': 4.45.1
      '@rollup/rollup-win32-arm64-msvc': 4.45.1
      '@rollup/rollup-win32-ia32-msvc': 4.45.1
      '@rollup/rollup-win32-x64-msvc': 4.45.1
      fsevents: 2.3.3

  run-applescript@7.0.0: {}

  semver@6.3.1: {}

  shebang-command@2.0.0:
    dependencies:
      shebang-regex: 3.0.0

  shebang-regex@3.0.0: {}

  source-map-js@1.2.1: {}

  systemjs@6.15.1: {}

  tinyglobby@0.2.14:
    dependencies:
      fdir: 6.4.6(picomatch@4.0.3)
      picomatch: 4.0.3

  typescript@5.8.3: {}

  undici-types@7.8.0: {}

  vite-plugin-monkey@6.0.0(postcss@8.5.6)(vite@7.0.5(@types/node@24.0.15)):
    dependencies:
      acorn-walk: 8.3.4
      cross-spawn: 7.0.6
      htmlparser2: 10.0.0
      import-meta-resolve: 4.1.0
      magic-string: 0.30.17
      mrmime: 2.0.1
      open: 10.2.0
      picocolors: 1.1.1
      postcss-url: 10.1.3(postcss@8.5.6)
      systemjs: 6.15.1
    optionalDependencies:
      vite: 7.0.5(@types/node@24.0.15)
    transitivePeerDependencies:
      - postcss

  vite@7.0.5(@types/node@24.0.15):
    dependencies:
      esbuild: 0.25.8
      fdir: 6.4.6(picomatch@4.0.3)
      picomatch: 4.0.3
      postcss: 8.5.6
      rollup: 4.45.1
      tinyglobby: 0.2.14
    optionalDependencies:
      '@types/node': 24.0.15
      fsevents: 2.3.3

  vue@3.6.0-alpha.2(typescript@5.8.3):
    dependencies:
      '@vue/compiler-dom': 3.6.0-alpha.2
      '@vue/compiler-sfc': 3.6.0-alpha.2
      '@vue/runtime-dom': 3.6.0-alpha.2
      '@vue/runtime-vapor': 3.6.0-alpha.2(@vue/runtime-dom@3.6.0-alpha.2)
      '@vue/server-renderer': 3.6.0-alpha.2(vue@3.6.0-alpha.2(typescript@5.8.3))
      '@vue/shared': 3.6.0-alpha.2
    optionalDependencies:
      typescript: 5.8.3

  which@2.0.2:
    dependencies:
      isexe: 2.0.0

  wsl-utils@0.1.0:
    dependencies:
      is-wsl: 3.1.0

  xxhashjs@0.2.2:
    dependencies:
      cuint: 0.2.2
